
Microsoft Visual Studio Solution File, Format Version 12.00
# Visual Studio 15
VisualStudioVersion = 15.0.26124.0
MinimumVisualStudioVersion = 15.0.26124.0
Project("{FAE04EC0-301F-11D3-BF4B-00C04F79EFBC}") = "graph-master.api", "graph-master.api\graph-master.api.csproj", "{69632091-20A2-4438-B796-78E9BD121642}"
EndProject
Project("{FAE04EC0-301F-11D3-BF4B-00C04F79EFBC}") = "graph-master.models", "graph-master.models\graph-master.models.csproj", "{8D04AE30-0F29-4906-AB73-B8B4A9A3EAF1}"
EndProject
Project("{FAE04EC0-301F-11D3-BF4B-00C04F79EFBC}") = "graph-master.scripts", "graph-master.scripts\graph-master.scripts.csproj", "{428F9B0B-46A0-42AA-8CB8-7EF4DD032C95}"
EndProject
Project("{FAE04EC0-301F-11D3-BF4B-00C04F79EFBC}") = "graph-master.core", "graph-master.core\graph-master.core.csproj", "{019206CC-4784-437A-8A4B-E31A01B2797A}"
EndProject
Project("{FAE04EC0-301F-11D3-BF4B-00C04F79EFBC}") = "graph-master.common", "graph-master.common\graph-master.common.csproj", "{139508E7-2D41-4D2C-BD1D-8D1065EAF8AE}"
EndProject
Global
	GlobalSection(SolutionConfigurationPlatforms) = preSolution
		Debug|Any CPU = Debug|Any CPU
		Debug|x64 = Debug|x64
		Debug|x86 = Debug|x86
		Release|Any CPU = Release|Any CPU
		Release|x64 = Release|x64
		Release|x86 = Release|x86
	EndGlobalSection
	GlobalSection(SolutionProperties) = preSolution
		HideSolutionNode = FALSE
	EndGlobalSection
	GlobalSection(ProjectConfigurationPlatforms) = postSolution
		{1CDFA29C-888E-49A1-B2D8-E56765039951}.Debug|Any CPU.ActiveCfg = Debug|Any CPU
		{1CDFA29C-888E-49A1-B2D8-E56765039951}.Debug|Any CPU.Build.0 = Debug|Any CPU
		{1CDFA29C-888E-49A1-B2D8-E56765039951}.Debug|x64.ActiveCfg = Debug|Any CPU
		{1CDFA29C-888E-49A1-B2D8-E56765039951}.Debug|x64.Build.0 = Debug|Any CPU
		{1CDFA29C-888E-49A1-B2D8-E56765039951}.Debug|x86.ActiveCfg = Debug|Any CPU
		{1CDFA29C-888E-49A1-B2D8-E56765039951}.Debug|x86.Build.0 = Debug|Any CPU
		{1CDFA29C-888E-49A1-B2D8-E56765039951}.Release|Any CPU.ActiveCfg = Release|Any CPU
		{1CDFA29C-888E-49A1-B2D8-E56765039951}.Release|Any CPU.Build.0 = Release|Any CPU
		{1CDFA29C-888E-49A1-B2D8-E56765039951}.Release|x64.ActiveCfg = Release|Any CPU
		{1CDFA29C-888E-49A1-B2D8-E56765039951}.Release|x64.Build.0 = Release|Any CPU
		{1CDFA29C-888E-49A1-B2D8-E56765039951}.Release|x86.ActiveCfg = Release|Any CPU
		{1CDFA29C-888E-49A1-B2D8-E56765039951}.Release|x86.Build.0 = Release|Any CPU
		{69632091-20A2-4438-B796-78E9BD121642}.Debug|Any CPU.ActiveCfg = Debug|Any CPU
		{69632091-20A2-4438-B796-78E9BD121642}.Debug|Any CPU.Build.0 = Debug|Any CPU
		{69632091-20A2-4438-B796-78E9BD121642}.Debug|x64.ActiveCfg = Debug|Any CPU
		{69632091-20A2-4438-B796-78E9BD121642}.Debug|x64.Build.0 = Debug|Any CPU
		{69632091-20A2-4438-B796-78E9BD121642}.Debug|x86.ActiveCfg = Debug|Any CPU
		{69632091-20A2-4438-B796-78E9BD121642}.Debug|x86.Build.0 = Debug|Any CPU
		{69632091-20A2-4438-B796-78E9BD121642}.Release|Any CPU.ActiveCfg = Release|Any CPU
		{69632091-20A2-4438-B796-78E9BD121642}.Release|Any CPU.Build.0 = Release|Any CPU
		{69632091-20A2-4438-B796-78E9BD121642}.Release|x64.ActiveCfg = Release|Any CPU
		{69632091-20A2-4438-B796-78E9BD121642}.Release|x64.Build.0 = Release|Any CPU
		{69632091-20A2-4438-B796-78E9BD121642}.Release|x86.ActiveCfg = Release|Any CPU
		{69632091-20A2-4438-B796-78E9BD121642}.Release|x86.Build.0 = Release|Any CPU
		{8D04AE30-0F29-4906-AB73-B8B4A9A3EAF1}.Debug|Any CPU.ActiveCfg = Debug|Any CPU
		{8D04AE30-0F29-4906-AB73-B8B4A9A3EAF1}.Debug|Any CPU.Build.0 = Debug|Any CPU
		{8D04AE30-0F29-4906-AB73-B8B4A9A3EAF1}.Debug|x64.ActiveCfg = Debug|Any CPU
		{8D04AE30-0F29-4906-AB73-B8B4A9A3EAF1}.Debug|x64.Build.0 = Debug|Any CPU
		{8D04AE30-0F29-4906-AB73-B8B4A9A3EAF1}.Debug|x86.ActiveCfg = Debug|Any CPU
		{8D04AE30-0F29-4906-AB73-B8B4A9A3EAF1}.Debug|x86.Build.0 = Debug|Any CPU
		{8D04AE30-0F29-4906-AB73-B8B4A9A3EAF1}.Release|Any CPU.ActiveCfg = Release|Any CPU
		{8D04AE30-0F29-4906-AB73-B8B4A9A3EAF1}.Release|Any CPU.Build.0 = Release|Any CPU
		{8D04AE30-0F29-4906-AB73-B8B4A9A3EAF1}.Release|x64.ActiveCfg = Release|Any CPU
		{8D04AE30-0F29-4906-AB73-B8B4A9A3EAF1}.Release|x64.Build.0 = Release|Any CPU
		{8D04AE30-0F29-4906-AB73-B8B4A9A3EAF1}.Release|x86.ActiveCfg = Release|Any CPU
		{8D04AE30-0F29-4906-AB73-B8B4A9A3EAF1}.Release|x86.Build.0 = Release|Any CPU
		{428F9B0B-46A0-42AA-8CB8-7EF4DD032C95}.Debug|Any CPU.ActiveCfg = Debug|Any CPU
		{428F9B0B-46A0-42AA-8CB8-7EF4DD032C95}.Debug|Any CPU.Build.0 = Debug|Any CPU
		{428F9B0B-46A0-42AA-8CB8-7EF4DD032C95}.Debug|x64.ActiveCfg = Debug|Any CPU
		{428F9B0B-46A0-42AA-8CB8-7EF4DD032C95}.Debug|x64.Build.0 = Debug|Any CPU
		{428F9B0B-46A0-42AA-8CB8-7EF4DD032C95}.Debug|x86.ActiveCfg = Debug|Any CPU
		{428F9B0B-46A0-42AA-8CB8-7EF4DD032C95}.Debug|x86.Build.0 = Debug|Any CPU
		{428F9B0B-46A0-42AA-8CB8-7EF4DD032C95}.Release|Any CPU.ActiveCfg = Release|Any CPU
		{428F9B0B-46A0-42AA-8CB8-7EF4DD032C95}.Release|Any CPU.Build.0 = Release|Any CPU
		{428F9B0B-46A0-42AA-8CB8-7EF4DD032C95}.Release|x64.ActiveCfg = Release|Any CPU
		{428F9B0B-46A0-42AA-8CB8-7EF4DD032C95}.Release|x64.Build.0 = Release|Any CPU
		{428F9B0B-46A0-42AA-8CB8-7EF4DD032C95}.Release|x86.ActiveCfg = Release|Any CPU
		{428F9B0B-46A0-42AA-8CB8-7EF4DD032C95}.Release|x86.Build.0 = Release|Any CPU
		{019206CC-4784-437A-8A4B-E31A01B2797A}.Debug|Any CPU.ActiveCfg = Debug|Any CPU
		{019206CC-4784-437A-8A4B-E31A01B2797A}.Debug|Any CPU.Build.0 = Debug|Any CPU
		{019206CC-4784-437A-8A4B-E31A01B2797A}.Debug|x64.ActiveCfg = Debug|Any CPU
		{019206CC-4784-437A-8A4B-E31A01B2797A}.Debug|x64.Build.0 = Debug|Any CPU
		{019206CC-4784-437A-8A4B-E31A01B2797A}.Debug|x86.ActiveCfg = Debug|Any CPU
		{019206CC-4784-437A-8A4B-E31A01B2797A}.Debug|x86.Build.0 = Debug|Any CPU
		{019206CC-4784-437A-8A4B-E31A01B2797A}.Release|Any CPU.ActiveCfg = Release|Any CPU
		{019206CC-4784-437A-8A4B-E31A01B2797A}.Release|Any CPU.Build.0 = Release|Any CPU
		{019206CC-4784-437A-8A4B-E31A01B2797A}.Release|x64.ActiveCfg = Release|Any CPU
		{019206CC-4784-437A-8A4B-E31A01B2797A}.Release|x64.Build.0 = Release|Any CPU
		{019206CC-4784-437A-8A4B-E31A01B2797A}.Release|x86.ActiveCfg = Release|Any CPU
		{019206CC-4784-437A-8A4B-E31A01B2797A}.Release|x86.Build.0 = Release|Any CPU
		{139508E7-2D41-4D2C-BD1D-8D1065EAF8AE}.Debug|Any CPU.ActiveCfg = Debug|Any CPU
		{139508E7-2D41-4D2C-BD1D-8D1065EAF8AE}.Debug|Any CPU.Build.0 = Debug|Any CPU
		{139508E7-2D41-4D2C-BD1D-8D1065EAF8AE}.Debug|x64.ActiveCfg = Debug|Any CPU
		{139508E7-2D41-4D2C-BD1D-8D1065EAF8AE}.Debug|x64.Build.0 = Debug|Any CPU
		{139508E7-2D41-4D2C-BD1D-8D1065EAF8AE}.Debug|x86.ActiveCfg = Debug|Any CPU
		{139508E7-2D41-4D2C-BD1D-8D1065EAF8AE}.Debug|x86.Build.0 = Debug|Any CPU
		{139508E7-2D41-4D2C-BD1D-8D1065EAF8AE}.Release|Any CPU.ActiveCfg = Release|Any CPU
		{139508E7-2D41-4D2C-BD1D-8D1065EAF8AE}.Release|Any CPU.Build.0 = Release|Any CPU
		{139508E7-2D41-4D2C-BD1D-8D1065EAF8AE}.Release|x64.ActiveCfg = Release|Any CPU
		{139508E7-2D41-4D2C-BD1D-8D1065EAF8AE}.Release|x64.Build.0 = Release|Any CPU
		{139508E7-2D41-4D2C-BD1D-8D1065EAF8AE}.Release|x86.ActiveCfg = Release|Any CPU
		{139508E7-2D41-4D2C-BD1D-8D1065EAF8AE}.Release|x86.Build.0 = Release|Any CPU
	EndGlobalSection
EndGlobal
